
Microsoft Visual Studio Solution File, Format Version 12.00
# Visual Studio Version 16
VisualStudioVersion = 16.0.30114.105
MinimumVisualStudioVersion = 10.0.40219.1
Project("{FAE04EC0-301F-11D3-BF4B-00C04F79EFBC}") = "AccountOwnerServer", "AccountOwnerServer\AccountOwnerServer.csproj", "{873E4077-DD6D-4A4C-A246-25A8E7CAE53A}"
EndProject
Project("{FAE04EC0-301F-11D3-BF4B-00C04F79EFBC}") = "Contracts", "Contracts\Contracts.csproj", "{EED2D0C4-DD0E-45F0-AF38-A8D2F0FE901D}"
EndProject
Project("{FAE04EC0-301F-11D3-BF4B-00C04F79EFBC}") = "LoggerService", "LoggerService\LoggerService.csproj", "{CCBE0007-385F-4D18-B447-03503178D032}"
EndProject
Project("{FAE04EC0-301F-11D3-BF4B-00C04F79EFBC}") = "Entities", "Entities\Entities.csproj", "{A06F9B9C-1BD6-48B6-9086-9E4662233B93}"
EndProject
Project("{FAE04EC0-301F-11D3-BF4B-00C04F79EFBC}") = "Repository", "Repository\Repository.csproj", "{B4AE43B6-9B06-4D57-BBB0-9F664563757D}"
EndProject
Global
	GlobalSection(SolutionConfigurationPlatforms) = preSolution
		Debug|Any CPU = Debug|Any CPU
		Release|Any CPU = Release|Any CPU
	EndGlobalSection
	GlobalSection(SolutionProperties) = preSolution
		HideSolutionNode = FALSE
	EndGlobalSection
	GlobalSection(ProjectConfigurationPlatforms) = postSolution
		{873E4077-DD6D-4A4C-A246-25A8E7CAE53A}.Debug|Any CPU.ActiveCfg = Debug|Any CPU
		{873E4077-DD6D-4A4C-A246-25A8E7CAE53A}.Debug|Any CPU.Build.0 = Debug|Any CPU
		{873E4077-DD6D-4A4C-A246-25A8E7CAE53A}.Release|Any CPU.ActiveCfg = Release|Any CPU
		{873E4077-DD6D-4A4C-A246-25A8E7CAE53A}.Release|Any CPU.Build.0 = Release|Any CPU
		{EED2D0C4-DD0E-45F0-AF38-A8D2F0FE901D}.Debug|Any CPU.ActiveCfg = Debug|Any CPU
		{EED2D0C4-DD0E-45F0-AF38-A8D2F0FE901D}.Debug|Any CPU.Build.0 = Debug|Any CPU
		{EED2D0C4-DD0E-45F0-AF38-A8D2F0FE901D}.Release|Any CPU.ActiveCfg = Release|Any CPU
		{EED2D0C4-DD0E-45F0-AF38-A8D2F0FE901D}.Release|Any CPU.Build.0 = Release|Any CPU
		{CCBE0007-385F-4D18-B447-03503178D032}.Debug|Any CPU.ActiveCfg = Debug|Any CPU
		{CCBE0007-385F-4D18-B447-03503178D032}.Debug|Any CPU.Build.0 = Debug|Any CPU
		{CCBE0007-385F-4D18-B447-03503178D032}.Release|Any CPU.ActiveCfg = Release|Any CPU
		{CCBE0007-385F-4D18-B447-03503178D032}.Release|Any CPU.Build.0 = Release|Any CPU
		{A06F9B9C-1BD6-48B6-9086-9E4662233B93}.Debug|Any CPU.ActiveCfg = Debug|Any CPU
		{A06F9B9C-1BD6-48B6-9086-9E4662233B93}.Debug|Any CPU.Build.0 = Debug|Any CPU
		{A06F9B9C-1BD6-48B6-9086-9E4662233B93}.Release|Any CPU.ActiveCfg = Release|Any CPU
		{A06F9B9C-1BD6-48B6-9086-9E4662233B93}.Release|Any CPU.Build.0 = Release|Any CPU
		{B4AE43B6-9B06-4D57-BBB0-9F664563757D}.Debug|Any CPU.ActiveCfg = Debug|Any CPU
		{B4AE43B6-9B06-4D57-BBB0-9F664563757D}.Debug|Any CPU.Build.0 = Debug|Any CPU
		{B4AE43B6-9B06-4D57-BBB0-9F664563757D}.Release|Any CPU.ActiveCfg = Release|Any CPU
		{B4AE43B6-9B06-4D57-BBB0-9F664563757D}.Release|Any CPU.Build.0 = Release|Any CPU
	EndGlobalSection
EndGlobal
